{
    "name": "datatables.net-bs4",
    "version": "1.10.19",
    "lockfileVersion": 3,
    "requires": true,
    "packages": {
        "": {
            "name": "datatables.net-bs4",
            "version": "1.10.19",
            "license": "MIT",
            "dependencies": {
                "datatables.net": "1.10.19",
                "datatables.net-bs4": "file:",
                "jquery": ">=1.7"
            }
        },
        "node_modules/datatables.net": {
            "version": "1.10.19",
            "resolved": "https://registry.npmjs.org/datatables.net/-/datatables.net-1.10.19.tgz",
            "integrity": "sha512-+ljXcI6Pj3PTGy5pesp3E5Dr3x3AV45EZe0o1r0gKENN2gafBKXodVnk2ypKwl2tTmivjxbkiqoWnipTefyBTA==",
            "dependencies": {
                "jquery": ">=1.7"
            }
        },
        "node_modules/datatables.net-bs4": {
            "resolved": "",
            "link": true
        },
        "node_modules/jquery": {
            "version": "3.7.1",
            "resolved": "https://registry.npmjs.org/jquery/-/jquery-3.7.1.tgz",
            "integrity": "sha512-m4avr8yL8kmFN8psrbFFFmB/If14iN5o9nw/NgnnM+kybDJpRsAynV2BsfpTYrTRysYUdADVD7CkUUizgkpLfg=="
        }
    }
}
